{
  "name": "test",
  "version": "1.0.0",
  "lockfileVersion": 1,
  "requires": true,
  "dependencies": {
    "cap": {
      "version": "0.2.0",
      "resolved": "https://registry.npmjs.org/cap/-/cap-0.2.0.tgz",
      "integrity": "sha512-mc2MOjNCeLsXS1zrzcH20vVVfeFmXflGKT2cqdHF1CUXhwjmC1RNgCE5IxN/5qlawylpO7m+0kJL17YzOTQWYw==",
      "requires": {
        "nan": "2.9.2"
      },
      "dependencies": {
        "nan": {
          "version": "2.9.2",
          "resolved": "https://registry.npmjs.org/nan/-/nan-2.9.2.tgz",
          "integrity": "sha512-ltW65co7f3PQWBDbqVvaU1WtFJUsNW7sWWm4HINhbMQIyVyzIeyZ8toX5TC5eeooE6piZoaEh4cZkueSKG3KYw=="
        }
      }
    },
    "nan": {
      "version": "2.3.5",
      "resolved": "https://registry.npmjs.org/nan/-/nan-2.3.5.tgz",
      "integrity": "sha1-gioNwmYpDOTNOhIoLKPn42Rmigg="
    },
    "net-ping": {
      "version": "1.2.1",
      "resolved": "https://registry.npmjs.org/net-ping/-/net-ping-1.2.1.tgz",
      "integrity": "sha1-YzEmWsbJ7ayY1I0HEBta+DCOq/U=",
      "requires": {
        "raw-socket": "1.5.2"
      }
    },
    "raw-socket": {
      "version": "1.5.2",
      "resolved": "https://registry.npmjs.org/raw-socket/-/raw-socket-1.5.2.tgz",
      "integrity": "sha512-HkdxURR2ntXkyuzceAs53S7dw26jc8qEKO8+8nbfRyQ0b4qKoTu/fhW65PmkBFe0piGStu6j1A33VEbPhkHuFA==",
      "requires": {
        "nan": "2.3.5"
      }
    }
  }
}
